# This file is autogenerated, do not edit; changes may be undone by the next 'dep ensure'.


[[projects]]
  branch = "master"
  digest = "1:22a800dff0d8932b39749e2196a33d27d82d2ae495db3960db55b23e68fb1efa"
  name = "dmitri.shuralyov.com/text/kebabcase"
  packages = ["."]
  pruneopts = ""
  revision = "40e40b42552a9cb37d6e98f4ad31f63ae53ea43a"

[[projects]]
  digest = "1:e4b30804a381d7603b8a344009987c1ba351c26043501b23b8c7ce21f0b67474"
  name = "github.com/BurntSushi/toml"
  packages = ["."]
  pruneopts = ""
  revision = "3012a1dbe2e4bd1391d42b32f0577cb7bbc7f005"
  version = "v0.3.1"

[[projects]]
  digest = "1:9d57e200ef5ccc4217fe0a34287308bac652435e7c6513f6263e0493d2245c56"
  name = "github.com/Sirupsen/logrus"
  packages = ["."]
  pruneopts = ""
  revision = "bcd833dfe83d3cebad139e4a29ed79cb2318bf95"
  version = "v1.2.0"

[[projects]]
  branch = "master"
  digest = "1:339bac0d398920a11fd7e8a7fbd4f133d4edd4faa1c2cbaba256d3684a266019"
  name = "github.com/bradfitz/gomemcache"
  packages = ["memcache"]
  pruneopts = ""
  revision = "bc664df9673713a0ccf26e3b55a673ec7301088b"

[[projects]]
  branch = "master"
  digest = "1:3c7501e0506fccb7980703ca04a3ba2a4dd51ce40610dd3753faf5b231d98a31"
  name = "github.com/bradleypeabody/gorilla-sessions-memcache"
  packages = ["."]
  pruneopts = ""
  revision = "659414f458e1a316113a5ca21c9964dee6655454"

[[projects]]
  digest = "1:61c87364e0467db0737d7c1a0e23e4d498f3984b05fd430b029933883f72034e"
  name = "github.com/go-ini/ini"
  packages = ["."]
  pruneopts = ""
  revision = "f55231ca73a76c1d61eb05fe0d64a1ccebf93cba"
  version = "v1.39.3"

[[projects]]
  digest = "1:709292c015123a3bc69ea970dc9abd6667170e7fbf5cdeb10c6d14b250d3385f"
  name = "github.com/go-playground/locales"
  packages = [
    ".",
    "currency",
  ]
  pruneopts = ""
  revision = "f63010822830b6fe52288ee52d5a1151088ce039"
  version = "v0.12.1"

[[projects]]
  digest = "1:7ca0f6f2a364f603e843763d35c979b595d71159982791de27f9ec40d532876b"
  name = "github.com/go-playground/universal-translator"
  packages = ["."]
  pruneopts = ""
  revision = "b32fa301c9fe55953584134cb6853a13c87ec0a1"
  version = "v0.16.0"

[[projects]]
  digest = "1:3dd078fda7500c341bc26cfbc6c6a34614f295a2457149fc1045cab767cbcf18"
  name = "github.com/golang/protobuf"
  packages = ["proto"]
  pruneopts = ""
  revision = "aa810b61a9c79d51363740d207bb46cf8e620ed5"
  version = "v1.2.0"

[[projects]]
  digest = "1:a25a2c5ae694b01713fb6cd03c3b1ac1ccc1902b9f0a922680a88ec254f968e1"
  name = "github.com/google/uuid"
  packages = ["."]
  pruneopts = ""
  revision = "9b3b1e0f5f99ae461456d768e7d301a7acdaa2d8"
  version = "v1.1.0"

[[projects]]
  digest = "1:dbbeb8ddb0be949954c8157ee8439c2adfd8dc1c9510eb44a6e58cb68c3dce28"
  name = "github.com/gorilla/context"
  packages = ["."]
  pruneopts = ""
  revision = "08b5f424b9271eedf6f9f0ce86cb9396ed337a42"
  version = "v1.1.1"

[[projects]]
  digest = "1:51a1d17ba9fe6648d9fdd5b822baa616d6ec7f28c8669c2091126d206796b5ae"
  name = "github.com/gorilla/securecookie"
  packages = ["."]
  pruneopts = ""
  revision = "e59506cc896acb7f7bf732d4fdf5e25f7ccd8983"
  version = "v1.1.1"

[[projects]]
  digest = "1:4e1c7e6877107c08296ca6ee3d3c4c07d1ff5e46565a186aa8e9342e435301be"
  name = "github.com/gorilla/sessions"
  packages = ["."]
  pruneopts = ""
  revision = "f57b7e2d29c6211d16ffa52a0998272f75799030"
  version = "v1.1.3"

[[projects]]
  digest = "1:baaf3bc41369bc99897372fd1def6df5493244cc3394893690f35f743d01699b"
  name = "github.com/gwenn/gosqlite"
  packages = ["."]
  pruneopts = ""
  revision = "eb1ee648415ab7ecb7551509ffacef71ff8a98c1"
  version = "v1.7"

[[projects]]
  branch = "master"
  digest = "1:bc40d124abfc2abf86734d83991359693788786bbd8059ad261707d31ee3bbe0"
  name = "github.com/gwenn/yacr"
  packages = ["."]
  pruneopts = ""
  revision = "a0989a85dc43c4c1aacef4b6a4791c9dca7a7a18"

[[projects]]
  digest = "1:3f366d59ed577f3bfdcfe1b5ddf0e562c2ccba180bbfa1d0dc0b36a8bb824381"
  name = "github.com/hectane/go-nonblockingchan"
  packages = ["."]
  pruneopts = ""
  revision = "a5c3fb0f46b221ee575b2b7892a3ccf0557bcb5e"
  version = "v0.1.0"

[[projects]]
  digest = "1:eaa1250cb635ef947f264d07a55c309b9cee204d52f4e425a495ba3c5c2940d3"
  name = "github.com/hectane/hectane"
  packages = [
    "email",
    "queue",
  ]
  pruneopts = ""
  revision = "4b19efdfc55094c2ee039238eb6a88cba28d3eb5"
  version = "v0.3.1"

[[projects]]
  digest = "1:02741330f5ba32a4a614e92f7ec5c7c6232a6f6343514c562d9dac51a5ac95cf"
  name = "github.com/jackc/pgx"
  packages = ["."]
  pruneopts = ""
  revision = "9bd22f689ac9f0f5445fb5dad24569d5cadf1773"
  version = "v2.11.0"

[[projects]]
  digest = "1:1527313af610f96f1ea591b06bb46edfe8ae17f13d74d2e40c4fed7cd618e678"
  name = "github.com/justinclift/blackfriday"
  packages = ["."]
  pruneopts = ""
  revision = "cadec560ec52d93835bf2f15bd794700d3a2473b"
  version = "v2.0.0"

[[projects]]
  branch = "master"
  digest = "1:55f7535f436025ac322bd51dd2946fed9a092fe2e4bcb7b63658a609ab9f0169"
  name = "github.com/justinclift/github_flavored_markdown"
  packages = ["."]
  pruneopts = ""
  revision = "b0541819f69bb511daa2be7c152b6bf1ba2bc37e"

[[projects]]
  digest = "1:717859f53ed0a55fab7284704ecaac4b0d292f4caca5ceaa2afd512be49189ea"
  name = "github.com/kennygrant/sanitize"
  packages = ["."]
  pruneopts = ""
  revision = "06ec0d0dbcd497d01e5189b16f5263f712e61a8e"
  version = "v1.2.4"

[[projects]]
  digest = "1:6a874e3ddfb9db2b42bd8c85b6875407c702fa868eed20634ff489bc896ccfd3"
  name = "github.com/konsorten/go-windows-terminal-sequences"
  packages = ["."]
  pruneopts = ""
  revision = "5c8c8bd35d3832f5d134ae1e1e375b69a4d25242"
  version = "v1.0.1"

[[projects]]
  digest = "1:69979393fd313159f0eccc6bc260164c8796ef3cbacb943f8ad0bf272b2a5dff"
  name = "github.com/leodido/go-urn"
  packages = ["."]
  pruneopts = ""
  revision = "70078a794e8ea4b497ba7c19a78cd60f90ccf0f4"
  version = "v1.1.0"

[[projects]]
  digest = "1:125f8ef0b7b53f42fe8d82b5462d803d56c2d357b8cea7796ed7cee0214008ec"
  name = "github.com/microcosm-cc/bluemonday"
  packages = ["."]
  pruneopts = ""
  revision = "82c7118e8ccf7403d4860175d97bb635e8e28239"
  version = "v1.0.1"

[[projects]]
  branch = "master"
  digest = "1:527b28f86ce5357b59a4ca75df399eb29944c39a264afca90205e7da7994c9ea"
  name = "github.com/minio/go-homedir"
  packages = ["."]
  pruneopts = ""
  revision = "4d76aabb80b22bad8695d3904e943f1fb5e6199f"

[[projects]]
  digest = "1:3c3bd97561257647218ff5adfd61e701ed365f7b32246048ca8b9588b3d6d4d9"
  name = "github.com/minio/minio-go"
  packages = [
    ".",
    "pkg/credentials",
    "pkg/encrypt",
    "pkg/policy",
    "pkg/s3signer",
    "pkg/s3utils",
    "pkg/set",
  ]
  pruneopts = ""
  revision = "5ca66c9a35ba1cd674484be99dc97aa0973afe12"
  version = "v3.0.0"

[[projects]]
  digest = "1:096a8a9182648da3d00ff243b88407838902b6703fc12657f76890e08d1899bf"
  name = "github.com/mitchellh/go-homedir"
  packages = ["."]
  pruneopts = ""
  revision = "ae18d6b8b3205b561c79e8e5f69bff09736185f4"
  version = "v1.0.0"

[[projects]]
  digest = "1:a5484d4fa43127138ae6e7b2299a6a52ae006c7f803d98d717f60abf3e97192e"
  name = "github.com/pborman/uuid"
  packages = ["."]
  pruneopts = ""
  revision = "adf5a7427709b9deb95d29d3fa8a2bf9cfd388f1"
  version = "v1.2"

[[projects]]
  digest = "1:7365acd48986e205ccb8652cc746f09c8b7876030d53710ea6ef7d0bd0dcd7ca"
  name = "github.com/pkg/errors"
  packages = ["."]
  pruneopts = ""
  revision = "645ef00459ed84a119197bfb8d8205042c6df63d"
  version = "v0.8.0"

[[projects]]
  digest = "1:3962f553b77bf6c03fc07cd687a22dd3b00fe11aa14d31194f5505f5bb65cdc8"
  name = "github.com/sergi/go-diff"
  packages = ["diffmatchpatch"]
  pruneopts = ""
  revision = "1744e2970ca51c86172c8190fadad617561ed6e7"
  version = "v1.0.0"

[[projects]]
  branch = "master"
  digest = "1:70702501b45ccd845061d49815810e9fd22a25e401771913a7f32b27f25c23d8"
  name = "github.com/shurcooL/go"
  packages = [
    "parserutil",
    "printerutil",
    "reflectfind",
    "reflectsource",
  ]
  pruneopts = ""
  revision = "0143a8f55f045ead806ab5306286c07892767abd"

[[projects]]
  branch = "master"
  digest = "1:0e98454221e57c75314270bfc426b4f6aa1c6b92e2a9f684f91daada477e80b1"
  name = "github.com/shurcooL/go-goon"
  packages = ["."]
  pruneopts = ""
  revision = "37c2f522c041b74919a9e5e3a6c5c47eb34730a5"

[[projects]]
  branch = "master"
  digest = "1:d323a56ad143e37d767084a12ce2b861a30773527da8b5685ccd8714a3f522a9"
  name = "github.com/shurcooL/graphql"
  packages = ["ident"]
  pruneopts = ""
  revision = "16b88644589aaa174a21ae55cac72a9f60d5d837"

[[projects]]
  branch = "master"
  digest = "1:b92b8ed37f6c24cc2296822fc63f8dccc233134a89f24441f6b237cb8abc85ea"
  name = "github.com/shurcooL/highlight_diff"
  packages = ["."]
  pruneopts = ""
  revision = "09bb4053de1b1d872a9f25dc21378fa71dca4e4e"

[[projects]]
  branch = "master"
  digest = "1:c0466d0f154dc0e3a206a5d5d6811c5fdd412843bbd72b8214d4e34c2ccdadac"
  name = "github.com/shurcooL/highlight_go"
  packages = [
    ".",
    "internal/go/scanner",
    "internal/go/token",
  ]
  pruneopts = ""
  revision = "9d8641ddf2e1517d286cedf0f4f4a6fb41ef5043"

[[projects]]
  branch = "master"
  digest = "1:0f40bdf66680223789c5b2612ebd78262243c547f0e5b5a03f26e76d0aa74d3f"
  name = "github.com/shurcooL/octicon"
  packages = ["."]
  pruneopts = ""
  revision = "fa4f57f9efb2a4c329dfe0f6d85e33b6c489ad70"

[[projects]]
  branch = "master"
  digest = "1:606fa779c7a80ab6a9ec5836cd12759f86cd6e1d82d5d60cf7ec5133e78c6cf8"
  name = "github.com/shurcooL/sanitized_anchor_name"
  packages = ["."]
  pruneopts = ""
  revision = "86672fcb3f950f35f2e675df2240550f2a50762f"

[[projects]]
  branch = "master"
  digest = "1:2572a527898d3259bef02863f0c45a8500eed4b263daae03028693e36a66441e"
  name = "github.com/sourcegraph/annotate"
  packages = ["."]
  pruneopts = ""
  revision = "f4cad6c6324d3f584e1743d8b3e0e017a5f3a636"

[[projects]]
  branch = "master"
  digest = "1:b2d735650965b30a58c303473b9ffb68f580674ddb06866848472d547f962b8f"
  name = "github.com/sourcegraph/syntaxhighlight"
  packages = ["."]
  pruneopts = ""
  revision = "bd320f5d308e1a3c4314c678d8227a0d72574ae7"

[[projects]]
  branch = "master"
  digest = "1:887074c37fcefc2f49b5ae9c6f9f36107341aec23185613d0e9f1ee81db7f94a"
  name = "golang.org/x/crypto"
  packages = [
    "bcrypt",
    "blowfish",
    "ssh/terminal",
  ]
  pruneopts = ""
  revision = "505ab145d0a99da450461ae2c1a9f6cd10d1f447"

[[projects]]
  branch = "master"
  digest = "1:3b4532388bb9dfcc98530527160974cf5ec03120002887777516a98092725ba0"
  name = "golang.org/x/net"
  packages = [
    "context",
    "context/ctxhttp",
    "html",
    "html/atom",
  ]
  pruneopts = ""
  revision = "e147a9138326bc0e9d4e179541ffd8af41cff8a9"

[[projects]]
  branch = "master"
  digest = "1:ea010cdb976f9de0c763728a76278f9109fca3299abd0dc3e8f2ccb9ff347268"
  name = "golang.org/x/oauth2"
  packages = [
    ".",
    "internal",
  ]
  pruneopts = ""
  revision = "d668ce993890a79bda886613ee587a69dd5da7a6"

[[projects]]
  branch = "master"
  digest = "1:fb9c60108aa8a0c8571f568c05fe8f3be347cf30b6b05d86beda7d7223ff88c8"
  name = "golang.org/x/sys"
  packages = [
    "unix",
    "windows",
  ]
  pruneopts = ""
  revision = "074acd46bca67915925527c07849494d115e7c43"

[[projects]]
  digest = "1:77d3cff3a451d50be4b52db9c7766c0d8570ba47593f0c9dc72173adb208e788"
  name = "google.golang.org/appengine"
  packages = [
    "internal",
    "internal/base",
    "internal/datastore",
    "internal/log",
    "internal/remote_api",
    "internal/urlfetch",
    "urlfetch",
  ]
  pruneopts = ""
  revision = "4a4468ece617fc8205e99368fa2200e9d1fad421"
  version = "v1.3.0"

[[projects]]
  digest = "1:696eb9b26a92eaf8409085e03d4c0344112c86702ce9fe31a60c5a090c30c762"
  name = "gopkg.in/go-playground/validator.v9"
  packages = ["."]
  pruneopts = ""
  revision = "0277b12d53df79c9dbf7311cb07fa9c81ed621bb"
  version = "v9.24.0"

[solve-meta]
  analyzer-name = "dep"
  analyzer-version = 1
  input-imports = [
    "github.com/BurntSushi/toml",
    "github.com/bradfitz/gomemcache/memcache",
    "github.com/bradleypeabody/gorilla-sessions-memcache",
    "github.com/gwenn/gosqlite",
    "github.com/hectane/hectane/email",
    "github.com/hectane/hectane/queue",
    "github.com/jackc/pgx",
    "github.com/justinclift/github_flavored_markdown",
    "github.com/minio/minio-go",
    "github.com/mitchellh/go-homedir",
    "github.com/pkg/errors",
    "golang.org/x/crypto/bcrypt",
    "golang.org/x/oauth2",
    "gopkg.in/go-playground/validator.v9",
  ]
  solver-name = "gps-cdcl"
  solver-version = 1
